
Microsoft Visual Studio Solution File, Format Version 12.00
# Visual Studio Version 17
VisualStudioVersion = 17.9.34622.214
MinimumVisualStudioVersion = 10.0.40219.1
Project("{FAE04EC0-301F-11D3-BF4B-00C04F79EFBC}") = "Week5LogicalOperator", "Week5LogicalOperator\Week5LogicalOperator.csproj", "{77B7E75A-9C95-4F82-A6AB-C4F38C3ADDF8}"
EndProject
Project("{FAE04EC0-301F-11D3-BF4B-00C04F79EFBC}") = "ANDOperator", "ANDOperator\ANDOperator.csproj", "{022D5A25-5E07-4282-B009-6492FC68CAC5}"
EndProject
Project("{FAE04EC0-301F-11D3-BF4B-00C04F79EFBC}") = "OROperator", "OROperator\OROperator.csproj", "{C5025F7F-69E6-49FC-911C-A374EA3D0550}"
EndProject
Project("{FAE04EC0-301F-11D3-BF4B-00C04F79EFBC}") = "ANDRanges", "ANDRanges\ANDRanges.csproj", "{1749CAB1-A6DC-411D-A767-99BADB286526}"
EndProject
Global
	GlobalSection(SolutionConfigurationPlatforms) = preSolution
		Debug|Any CPU = Debug|Any CPU
		Release|Any CPU = Release|Any CPU
	EndGlobalSection
	GlobalSection(ProjectConfigurationPlatforms) = postSolution
		{77B7E75A-9C95-4F82-A6AB-C4F38C3ADDF8}.Debug|Any CPU.ActiveCfg = Debug|Any CPU
		{77B7E75A-9C95-4F82-A6AB-C4F38C3ADDF8}.Debug|Any CPU.Build.0 = Debug|Any CPU
		{77B7E75A-9C95-4F82-A6AB-C4F38C3ADDF8}.Release|Any CPU.ActiveCfg = Release|Any CPU
		{77B7E75A-9C95-4F82-A6AB-C4F38C3ADDF8}.Release|Any CPU.Build.0 = Release|Any CPU
		{022D5A25-5E07-4282-B009-6492FC68CAC5}.Debug|Any CPU.ActiveCfg = Debug|Any CPU
		{022D5A25-5E07-4282-B009-6492FC68CAC5}.Debug|Any CPU.Build.0 = Debug|Any CPU
		{022D5A25-5E07-4282-B009-6492FC68CAC5}.Release|Any CPU.ActiveCfg = Release|Any CPU
		{022D5A25-5E07-4282-B009-6492FC68CAC5}.Release|Any CPU.Build.0 = Release|Any CPU
		{C5025F7F-69E6-49FC-911C-A374EA3D0550}.Debug|Any CPU.ActiveCfg = Debug|Any CPU
		{C5025F7F-69E6-49FC-911C-A374EA3D0550}.Debug|Any CPU.Build.0 = Debug|Any CPU
		{C5025F7F-69E6-49FC-911C-A374EA3D0550}.Release|Any CPU.ActiveCfg = Release|Any CPU
		{C5025F7F-69E6-49FC-911C-A374EA3D0550}.Release|Any CPU.Build.0 = Release|Any CPU
		{1749CAB1-A6DC-411D-A767-99BADB286526}.Debug|Any CPU.ActiveCfg = Debug|Any CPU
		{1749CAB1-A6DC-411D-A767-99BADB286526}.Debug|Any CPU.Build.0 = Debug|Any CPU
		{1749CAB1-A6DC-411D-A767-99BADB286526}.Release|Any CPU.ActiveCfg = Release|Any CPU
		{1749CAB1-A6DC-411D-A767-99BADB286526}.Release|Any CPU.Build.0 = Release|Any CPU
	EndGlobalSection
	GlobalSection(SolutionProperties) = preSolution
		HideSolutionNode = FALSE
	EndGlobalSection
	GlobalSection(ExtensibilityGlobals) = postSolution
		SolutionGuid = {2A55A2A0-BB08-4616-846A-A319C18AF64E}
	EndGlobalSection
EndGlobal
